
Microsoft Visual Studio Solution File, Format Version 12.00
# Visual Studio Version 17
VisualStudioVersion = 17.13.35931.197 d17.13
MinimumVisualStudioVersion = 10.0.40219.1
Project("{FAE04EC0-301F-11D3-BF4B-00C04F79EFBC}") = "MovieTime", "MovieTime.csproj", "{BC5ED595-BC6F-40E0-89C5-14CABB69DFA9}"
EndProject
Global
	GlobalSection(SolutionConfigurationPlatforms) = preSolution
		Debug|Any CPU = Debug|Any CPU
		Release|Any CPU = Release|Any CPU
	EndGlobalSection
	GlobalSection(ProjectConfigurationPlatforms) = postSolution
		{BC5ED595-BC6F-40E0-89C5-14CABB69DFA9}.Debug|Any CPU.ActiveCfg = Debug|Any CPU
		{BC5ED595-BC6F-40E0-89C5-14CABB69DFA9}.Debug|Any CPU.Build.0 = Debug|Any CPU
		{BC5ED595-BC6F-40E0-89C5-14CABB69DFA9}.Release|Any CPU.ActiveCfg = Release|Any CPU
		{BC5ED595-BC6F-40E0-89C5-14CABB69DFA9}.Release|Any CPU.Build.0 = Release|Any CPU
	EndGlobalSection
	GlobalSection(SolutionProperties) = preSolution
		HideSolutionNode = FALSE
	EndGlobalSection
	GlobalSection(ExtensibilityGlobals) = postSolution
		SolutionGuid = {1D14CDFD-7318-406F-97C0-1A0EC953FE0F}
	EndGlobalSection
EndGlobal
